// !$*UTF8*$!
{
	archiveVersion = 1;
	classes = {
	};
	objectVersion = 55;
	objects = {

/* Begin PBXBuildFile section */
		2D00F5F3A01DDAE740847DD6 /* Pods_Parstagram.framework in Frameworks */ = {isa = PBXBuildFile; fileRef = BB0B9A263BB01FA83DF6C711 /* Pods_Parstagram.framework */; };
		640DB4E928F51CDB002B6285 /* PostCell.swift in Sources */ = {isa = PBXBuildFile; fileRef = 640DB4E828F51CDB002B6285 /* PostCell.swift */; };
		640DB4EB28FD087D002B6285 /* CommentCell.swift in Sources */ = {isa = PBXBuildFile; fileRef = 640DB4EA28FD087D002B6285 /* CommentCell.swift */; };
		6492AE1228EBE0FE003F84D4 /* AppDelegate.swift in Sources */ = {isa = PBXBuildFile; fileRef = 6492AE1128EBE0FE003F84D4 /* AppDelegate.swift */; };
		6492AE1428EBE0FE003F84D4 /* SceneDelegate.swift in Sources */ = {isa = PBXBuildFile; fileRef = 6492AE1328EBE0FE003F84D4 /* SceneDelegate.swift */; };
		6492AE1928EBE0FE003F84D4 /* Main.storyboard in Resources */ = {isa = PBXBuildFile; fileRef = 6492AE1728EBE0FE003F84D4 /* Main.storyboard */; };
		6492AE1B28EBE104003F84D4 /* Assets.xcassets in Resources */ = {isa = PBXBuildFile; fileRef = 6492AE1A28EBE104003F84D4 /* Assets.xcassets */; };
		6492AE1E28EBE104003F84D4 /* LaunchScreen.storyboard in Resources */ = {isa = PBXBuildFile; fileRef = 6492AE1C28EBE104003F84D4 /* LaunchScreen.storyboard */; };
		6492AE2628EBECB0003F84D4 /* LoginViewController.swift in Sources */ = {isa = PBXBuildFile; fileRef = 6492AE2528EBECB0003F84D4 /* LoginViewController.swift */; };
		6492AE2828EBECE7003F84D4 /* FeedViewController.swift in Sources */ = {isa = PBXBuildFile; fileRef = 6492AE2728EBECE7003F84D4 /* FeedViewController.swift */; };
		6492AE2A28EBFA0E003F84D4 /* CameraViewController.swift in Sources */ = {isa = PBXBuildFile; fileRef = 6492AE2928EBFA0E003F84D4 /* CameraViewController.swift */; };
		64FC06F628EC02AD00D627E2 /* AlamofireImage in Frameworks */ = {isa = PBXBuildFile; productRef = 64FC06F528EC02AD00D627E2 /* AlamofireImage */; };
/* End PBXBuildFile section */

/* Begin PBXFileReference section */
		640DB4E828F51CDB002B6285 /* PostCell.swift */ = {isa = PBXFileReference; lastKnownFileType = sourcecode.swift; path = PostCell.swift; sourceTree = "<group>"; };
		640DB4EA28FD087D002B6285 /* CommentCell.swift */ = {isa = PBXFileReference; lastKnownFileType = sourcecode.swift; path = CommentCell.swift; sourceTree = "<group>"; };
		6492AE0E28EBE0FE003F84D4 /* Parstagram.app */ = {isa = PBXFileReference; explicitFileType = wrapper.application; includeInIndex = 0; path = Parstagram.app; sourceTree = BUILT_PRODUCTS_DIR; };
		6492AE1128EBE0FE003F84D4 /* AppDelegate.swift */ = {isa = PBXFileReference; lastKnownFileType = sourcecode.swift; path = AppDelegate.swift; sourceTree = "<group>"; };
		6492AE1328EBE0FE003F84D4 /* SceneDelegate.swift */ = {isa = PBXFileReference; lastKnownFileType = sourcecode.swift; path = SceneDelegate.swift; sourceTree = "<group>"; };
		6492AE1828EBE0FE003F84D4 /* Base */ = {isa = PBXFileReference; lastKnownFileType = file.storyboard; name = Base; path = Base.lproj/Main.storyboard; sourceTree = "<group>"; };
		6492AE1A28EBE104003F84D4 /* Assets.xcassets */ = {isa = PBXFileReference; lastKnownFileType = folder.assetcatalog; path = Assets.xcassets; sourceTree = "<group>"; };
		6492AE1D28EBE104003F84D4 /* Base */ = {isa = PBXFileReference; lastKnownFileType = file.storyboard; name = Base; path = Base.lproj/LaunchScreen.storyboard; sourceTree = "<group>"; };
		6492AE1F28EBE104003F84D4 /* Info.plist */ = {isa = PBXFileReference; lastKnownFileType = text.plist.xml; path = Info.plist; sourceTree = "<group>"; };
		6492AE2528EBECB0003F84D4 /* LoginViewController.swift */ = {isa = PBXFileReference; lastKnownFileType = sourcecode.swift; path = LoginViewController.swift; sourceTree = "<group>"; };
		6492AE2728EBECE7003F84D4 /* FeedViewController.swift */ = {isa = PBXFileReference; lastKnownFileType = sourcecode.swift; path = FeedViewController.swift; sourceTree = "<group>"; };
		6492AE2928EBFA0E003F84D4 /* CameraViewController.swift */ = {isa = PBXFileReference; lastKnownFileType = sourcecode.swift; path = CameraViewController.swift; sourceTree = "<group>"; };
		96971B77E2BF4387D8D71D9A /* Pods-Parstagram.release.xcconfig */ = {isa = PBXFileReference; includeInIndex = 1; lastKnownFileType = text.xcconfig; name = "Pods-Parstagram.release.xcconfig"; path = "Target Support Files/Pods-Parstagram/Pods-Parstagram.release.xcconfig"; sourceTree = "<group>"; };
		BB0B9A263BB01FA83DF6C711 /* Pods_Parstagram.framework */ = {isa = PBXFileReference; explicitFileType = wrapper.framework; includeInIndex = 0; path = Pods_Parstagram.framework; sourceTree = BUILT_PRODUCTS_DIR; };
		CD8D4D6D6C36A25F78F99DF1 /* Pods-Parstagram.debug.xcconfig */ = {isa = PBXFileReference; includeInIndex = 1; lastKnownFileType = text.xcconfig; name = "Pods-Parstagram.debug.xcconfig"; path = "Target Support Files/Pods-Parstagram/Pods-Parstagram.debug.xcconfig"; sourceTree = "<group>"; };
/* End PBXFileReference section */

/* Begin PBXFrameworksBuildPhase section */
		6492AE0B28EBE0FE003F84D4 /* Frameworks */ = {
			isa = PBXFrameworksBuildPhase;
			buildActionMask = 2147483647;
			files = (
				2D00F5F3A01DDAE740847DD6 /* Pods_Parstagram.framework in Frameworks */,
				64FC06F628EC02AD00D627E2 /* AlamofireImage in Frameworks */,
			);
			runOnlyForDeploymentPostprocessing = 0;
		};
/* End PBXFrameworksBuildPhase section */

/* Begin PBXGroup section */
		18B1AC6D0D84007FFCBDA638 /* Frameworks */ = {
			isa = PBXGroup;
			children = (
				BB0B9A263BB01FA83DF6C711 /* Pods_Parstagram.framework */,
			);
			name = Frameworks;
			sourceTree = "<group>";
		};
		5A76F98843FA4ED3145CC004 /* Pods */ = {
			isa = PBXGroup;
			children = (
				CD8D4D6D6C36A25F78F99DF1 /* Pods-Parstagram.debug.xcconfig */,
				96971B77E2BF4387D8D71D9A /* Pods-Parstagram.release.xcconfig */,
			);
			path = Pods;
			sourceTree = "<group>";
		};
		6492AE0528EBE0FE003F84D4 = {
			isa = PBXGroup;
			children = (
				6492AE1028EBE0FE003F84D4 /* Parstagram */,
				6492AE0F28EBE0FE003F84D4 /* Products */,
				5A76F98843FA4ED3145CC004 /* Pods */,
				18B1AC6D0D84007FFCBDA638 /* Frameworks */,
			);
			sourceTree = "<group>";
		};
		6492AE0F28EBE0FE003F84D4 /* Products */ = {
			isa = PBXGroup;
			children = (
				6492AE0E28EBE0FE003F84D4 /* Parstagram.app */,
			);
			name = Products;
			sourceTree = "<group>";
		};
		6492AE1028EBE0FE003F84D4 /* Parstagram */ = {
			isa = PBXGroup;
			children = (
				6492AE1128EBE0FE003F84D4 /* AppDelegate.swift */,
				6492AE1328EBE0FE003F84D4 /* SceneDelegate.swift */,
				6492AE1728EBE0FE003F84D4 /* Main.storyboard */,
				6492AE1A28EBE104003F84D4 /* Assets.xcassets */,
				6492AE1C28EBE104003F84D4 /* LaunchScreen.storyboard */,
				6492AE1F28EBE104003F84D4 /* Info.plist */,
				6492AE2528EBECB0003F84D4 /* LoginViewController.swift */,
				6492AE2728EBECE7003F84D4 /* FeedViewController.swift */,
				6492AE2928EBFA0E003F84D4 /* CameraViewController.swift */,
				640DB4E828F51CDB002B6285 /* PostCell.swift */,
				640DB4EA28FD087D002B6285 /* CommentCell.swift */,
			);
			path = Parstagram;
			sourceTree = "<group>";
		};
/* End PBXGroup section */

/* Begin PBXNativeTarget section */
		6492AE0D28EBE0FE003F84D4 /* Parstagram */ = {
			isa = PBXNativeTarget;
			buildConfigurationList = 6492AE2228EBE104003F84D4 /* Build configuration list for PBXNativeTarget "Parstagram" */;
			buildPhases = (
				D278644DD6C0465D62D18BDD /* [CP] Check Pods Manifest.lock */,
				6492AE0A28EBE0FE003F84D4 /* Sources */,
				6492AE0B28EBE0FE003F84D4 /* Frameworks */,
				6492AE0C28EBE0FE003F84D4 /* Resources */,
				5D3A8CE26A510FEF86EEF87E /* [CP] Embed Pods Frameworks */,
			);
			buildRules = (
			);
			dependencies = (
			);
			name = Parstagram;
			packageProductDependencies = (
				64FC06F528EC02AD00D627E2 /* AlamofireImage */,
			);
			productName = Parstagram;
			productReference = 6492AE0E28EBE0FE003F84D4 /* Parstagram.app */;
			productType = "com.apple.product-type.application";
		};
/* End PBXNativeTarget section */

/* Begin PBXProject section */
		6492AE0628EBE0FE003F84D4 /* Project object */ = {
			isa = PBXProject;
			attributes = {
				BuildIndependentTargetsInParallel = 1;
				LastSwiftUpdateCheck = 1340;
				LastUpgradeCheck = 1340;
				TargetAttributes = {
					6492AE0D28EBE0FE003F84D4 = {
						CreatedOnToolsVersion = 13.4.1;
					};
				};
			};
			buildConfigurationList = 6492AE0928EBE0FE003F84D4 /* Build configuration list for PBXProject "Parstagram" */;
			compatibilityVersion = "Xcode 13.0";
			developmentRegion = en;
			hasScannedForEncodings = 0;
			knownRegions = (
				en,
				Base,
			);
			mainGroup = 6492AE0528EBE0FE003F84D4;
			packageReferences = (
				64FC06F428EC02AD00D627E2 /* XCRemoteSwiftPackageReference "AlamofireImage" */,
			);
			productRefGroup = 6492AE0F28EBE0FE003F84D4 /* Products */;
			projectDirPath = "";
			projectRoot = "";
			targets = (
				6492AE0D28EBE0FE003F84D4 /* Parstagram */,
			);
		};
/* End PBXProject section */

/* Begin PBXResourcesBuildPhase section */
		6492AE0C28EBE0FE003F84D4 /* Resources */ = {
			isa = PBXResourcesBuildPhase;
			buildActionMask = 2147483647;
			files = (
				6492AE1E28EBE104003F84D4 /* LaunchScreen.storyboard in Resources */,
				6492AE1B28EBE104003F84D4 /* Assets.xcassets in Resources */,
				6492AE1928EBE0FE003F84D4 /* Main.storyboard in Resources */,
			);
			runOnlyForDeploymentPostprocessing = 0;
		};
/* End PBXResourcesBuildPhase section */

/* Begin PBXShellScriptBuildPhase section */
		5D3A8CE26A510FEF86EEF87E /* [CP] Embed Pods Frameworks */ = {
			isa = PBXShellScriptBuildPhase;
			buildActionMask = 2147483647;
			files = (
			);
			inputFileListPaths = (
				"${PODS_ROOT}/Target Support Files/Pods-Parstagram/Pods-Parstagram-frameworks-${CONFIGURATION}-input-files.xcfilelist",
			);
			name = "[CP] Embed Pods Frameworks";
			outputFileListPaths = (
				"${PODS_ROOT}/Target Support Files/Pods-Parstagram/Pods-Parstagram-frameworks-${CONFIGURATION}-output-files.xcfilelist",
			);
			runOnlyForDeploymentPostprocessing = 0;
			shellPath = /bin/sh;
			shellScript = "\"${PODS_ROOT}/Target Support Files/Pods-Parstagram/Pods-Parstagram-frameworks.sh\"\n";
			showEnvVarsInLog = 0;
		};
		D278644DD6C0465D62D18BDD /* [CP] Check Pods Manifest.lock */ = {
			isa = PBXShellScriptBuildPhase;
			buildActionMask = 2147483647;
			files = (
			);
			inputFileListPaths = (
			);
			inputPaths = (
				"${PODS_PODFILE_DIR_PATH}/Podfile.lock",
				"${PODS_ROOT}/Manifest.lock",
			);
			name = "[CP] Check Pods Manifest.lock";
			outputFileListPaths = (
			);
			outputPaths = (
				"$(DERIVED_FILE_DIR)/Pods-Parstagram-checkManifestLockResult.txt",
			);
			runOnlyForDeploymentPostprocessing = 0;
			shellPath = /bin/sh;
			shellScript = "diff \"${PODS_PODFILE_DIR_PATH}/Podfile.lock\" \"${PODS_ROOT}/Manifest.lock\" > /dev/null\nif [ $? != 0 ] ; then\n    # print error to STDERR\n    echo \"error: The sandbox is not in sync with the Podfile.lock. Run 'pod install' or update your CocoaPods installation.\" >&2\n    exit 1\nfi\n# This output is used by Xcode 'outputs' to avoid re-running this script phase.\necho \"SUCCESS\" > \"${SCRIPT_OUTPUT_FILE_0}\"\n";
			showEnvVarsInLog = 0;
		};
/* End PBXShellScriptBuildPhase section */

/* Begin PBXSourcesBuildPhase section */
		6492AE0A28EBE0FE003F84D4 /* Sources */ = {
			isa = PBXSourcesBuildPhase;
			buildActionMask = 2147483647;
			files = (
				6492AE2628EBECB0003F84D4 /* LoginViewController.swift in Sources */,
				6492AE2A28EBFA0E003F84D4 /* CameraViewController.swift in Sources */,
				6492AE1228EBE0FE003F84D4 /* AppDelegate.swift in Sources */,
				6492AE2828EBECE7003F84D4 /* FeedViewController.swift in Sources */,
				6492AE1428EBE0FE003F84D4 /* SceneDelegate.swift in Sources */,
				640DB4E928F51CDB002B6285 /* PostCell.swift in Sources */,
				640DB4EB28FD087D002B6285 /* CommentCell.swift in Sources */,
			);
			runOnlyForDeploymentPostprocessing = 0;
		};
/* End PBXSourcesBuildPhase section */

/* Begin PBXVariantGroup section */
		6492AE1728EBE0FE003F84D4 /* Main.storyboard */ = {
			isa = PBXVariantGroup;
			children = (
				6492AE1828EBE0FE003F84D4 /* Base */,
			);
			name = Main.storyboard;
			sourceTree = "<group>";
		};
		6492AE1C28EBE104003F84D4 /* LaunchScreen.storyboard */ = {
			isa = PBXVariantGroup;
			children = (
				6492AE1D28EBE104003F84D4 /* Base */,
			);
			name = LaunchScreen.storyboard;
			sourceTree = "<group>";
		};
/* End PBXVariantGroup section */

/* Begin XCBuildConfiguration section */
		6492AE2028EBE104003F84D4 /* Debug */ = {
			isa = XCBuildConfiguration;
			buildSettings = {
				ALWAYS_SEARCH_USER_PATHS = NO;
				CLANG_ANALYZER_NONNULL = YES;
				CLANG_ANALYZER_NUMBER_OBJECT_CONVERSION = YES_AGGRESSIVE;
				CLANG_CXX_LANGUAGE_STANDARD = "gnu++17";
				CLANG_ENABLE_MODULES = YES;
				CLANG_ENABLE_OBJC_ARC = YES;
				CLANG_ENABLE_OBJC_WEAK = YES;
				CLANG_WARN_BLOCK_CAPTURE_AUTORELEASING = YES;
				CLANG_WARN_BOOL_CONVERSION = YES;
				CLANG_WARN_COMMA = YES;
				CLANG_WARN_CONSTANT_CONVERSION = YES;
				CLANG_WARN_DEPRECATED_OBJC_IMPLEMENTATIONS = YES;
				CLANG_WARN_DIRECT_OBJC_ISA_USAGE = YES_ERROR;
				CLANG_WARN_DOCUMENTATION_COMMENTS = YES;
				CLANG_WARN_EMPTY_BODY = YES;
				CLANG_WARN_ENUM_CONVERSION = YES;
				CLANG_WARN_INFINITE_RECURSION = YES;
				CLANG_WARN_INT_CONVERSION = YES;
				CLANG_WARN_NON_LITERAL_NULL_CONVERSION = YES;
				CLANG_WARN_OBJC_IMPLICIT_RETAIN_SELF = YES;
				CLANG_WARN_OBJC_LITERAL_CONVERSION = YES;
				CLANG_WARN_OBJC_ROOT_CLASS = YES_ERROR;
				CLANG_WARN_QUOTED_INCLUDE_IN_FRAMEWORK_HEADER = YES;
				CLANG_WARN_RANGE_LOOP_ANALYSIS = YES;
				CLANG_WARN_STRICT_PROTOTYPES = YES;
				CLANG_WARN_SUSPICIOUS_MOVE = YES;
				CLANG_WARN_UNGUARDED_AVAILABILITY = YES_AGGRESSIVE;
				CLANG_WARN_UNREACHABLE_CODE = YES;
				CLANG_WARN__DUPLICATE_METHOD_MATCH = YES;
				COPY_PHASE_STRIP = NO;
				DEBUG_INFORMATION_FORMAT = dwarf;
				ENABLE_STRICT_OBJC_MSGSEND = YES;
				ENABLE_TESTABILITY = YES;
				GCC_C_LANGUAGE_STANDARD = gnu11;
				GCC_DYNAMIC_NO_PIC = NO;
				GCC_NO_COMMON_BLOCKS = YES;
				GCC_OPTIMIZATION_LEVEL = 0;
				GCC_PREPROCESSOR_DEFINITIONS = (
					"DEBUG=1",
					"$(inherited)",
				);
				GCC_WARN_64_TO_32_BIT_CONVERSION = YES;
				GCC_WARN_ABOUT_RETURN_TYPE = YES_ERROR;
				GCC_WARN_UNDECLARED_SELECTOR = YES;
				GCC_WARN_UNINITIALIZED_AUTOS = YES_AGGRESSIVE;
				GCC_WARN_UNUSED_FUNCTION = YES;
				GCC_WARN_UNUSED_VARIABLE = YES;
				IPHONEOS_DEPLOYMENT_TARGET = 15.5;
				MTL_ENABLE_DEBUG_INFO = INCLUDE_SOURCE;
				MTL_FAST_MATH = YES;
				ONLY_ACTIVE_ARCH = YES;
				SDKROOT = iphoneos;
				SWIFT_ACTIVE_COMPILATION_CONDITIONS = DEBUG;
				SWIFT_OPTIMIZATION_LEVEL = "-Onone";
			};
			name = Debug;
		};
		6492AE2128EBE104003F84D4 /* Release */ = {
			isa = XCBuildConfiguration;
			buildSettings = {
				ALWAYS_SEARCH_USER_PATHS = NO;
				CLANG_ANALYZER_NONNULL = YES;
				CLANG_ANALYZER_NUMBER_OBJECT_CONVERSION = YES_AGGRESSIVE;
				CLANG_CXX_LANGUAGE_STANDARD = "gnu++17";
				CLANG_ENABLE_MODULES = YES;
				CLANG_ENABLE_OBJC_ARC = YES;
				CLANG_ENABLE_OBJC_WEAK = YES;
				CLANG_WARN_BLOCK_CAPTURE_AUTORELEASING = YES;
				CLANG_WARN_BOOL_CONVERSION = YES;
				CLANG_WARN_COMMA = YES;
				CLANG_WARN_CONSTANT_CONVERSION = YES;
				CLANG_WARN_DEPRECATED_OBJC_IMPLEMENTATIONS = YES;
				CLANG_WARN_DIRECT_OBJC_ISA_USAGE = YES_ERROR;
				CLANG_WARN_DOCUMENTATION_COMMENTS = YES;
				CLANG_WARN_EMPTY_BODY = YES;
				CLANG_WARN_ENUM_CONVERSION = YES;
				CLANG_WARN_INFINITE_RECURSION = YES;
				CLANG_WARN_INT_CONVERSION = YES;
				CLANG_WARN_NON_LITERAL_NULL_CONVERSION = YES;
				CLANG_WARN_OBJC_IMPLICIT_RETAIN_SELF = YES;
				CLANG_WARN_OBJC_LITERAL_CONVERSION = YES;
				CLANG_WARN_OBJC_ROOT_CLASS = YES_ERROR;
				CLANG_WARN_QUOTED_INCLUDE_IN_FRAMEWORK_HEADER = YES;
				CLANG_WARN_RANGE_LOOP_ANALYSIS = YES;
				CLANG_WARN_STRICT_PROTOTYPES = YES;
				CLANG_WARN_SUSPICIOUS_MOVE = YES;
				CLANG_WARN_UNGUARDED_AVAILABILITY = YES_AGGRESSIVE;
				CLANG_WARN_UNREACHABLE_CODE = YES;
				CLANG_WARN__DUPLICATE_METHOD_MATCH = YES;
				COPY_PHASE_STRIP = NO;
				DEBUG_INFORMATION_FORMAT = "dwarf-with-dsym";
				ENABLE_NS_ASSERTIONS = NO;
				ENABLE_STRICT_OBJC_MSGSEND = YES;
				GCC_C_LANGUAGE_STANDARD = gnu11;
				GCC_NO_COMMON_BLOCKS = YES;
				GCC_WARN_64_TO_32_BIT_CONVERSION = YES;
				GCC_WARN_ABOUT_RETURN_TYPE = YES_ERROR;
				GCC_WARN_UNDECLARED_SELECTOR = YES;
				GCC_WARN_UNINITIALIZED_AUTOS = YES_AGGRESSIVE;
				GCC_WARN_UNUSED_FUNCTION = YES;
				GCC_WARN_UNUSED_VARIABLE = YES;
				IPHONEOS_DEPLOYMENT_TARGET = 15.5;
				MTL_ENABLE_DEBUG_INFO = NO;
				MTL_FAST_MATH = YES;
				SDKROOT = iphoneos;
				SWIFT_COMPILATION_MODE = wholemodule;
				SWIFT_OPTIMIZATION_LEVEL = "-O";
				VALIDATE_PRODUCT = YES;
			};
			name = Release;
		};
		6492AE2328EBE104003F84D4 /* Debug */ = {
			isa = XCBuildConfiguration;
			baseConfigurationReference = CD8D4D6D6C36A25F78F99DF1 /* Pods-Parstagram.debug.xcconfig */;
			buildSettings = {
				ASSETCATALOG_COMPILER_APPICON_NAME = AppIcon;
				ASSETCATALOG_COMPILER_GLOBAL_ACCENT_COLOR_NAME = AccentColor;
				CODE_SIGN_STYLE = Automatic;
				CURRENT_PROJECT_VERSION = 1;
				DEVELOPMENT_TEAM = F2LX2ZLYTH;
				GENERATE_INFOPLIST_FILE = YES;
				INFOPLIST_FILE = Parstagram/Info.plist;
				INFOPLIST_KEY_UIApplicationSupportsIndirectInputEvents = YES;
				INFOPLIST_KEY_UILaunchStoryboardName = LaunchScreen;
				INFOPLIST_KEY_UIMainStoryboardFile = Main;
				INFOPLIST_KEY_UISupportedInterfaceOrientations_iPad = "UIInterfaceOrientationPortrait UIInterfaceOrientationPortraitUpsideDown UIInterfaceOrientationLandscapeLeft UIInterfaceOrientationLandscapeRight";
				INFOPLIST_KEY_UISupportedInterfaceOrientations_iPhone = "UIInterfaceOrientationPortrait UIInterfaceOrientationLandscapeLeft UIInterfaceOrientationLandscapeRight";
				LD_RUNPATH_SEARCH_PATHS = (
					"$(inherited)",
					"@executable_path/Frameworks",
				);
				MARKETING_VERSION = 1.0;
				PRODUCT_BUNDLE_IDENTIFIER = manuelcastro.club.Parstagram;
				PRODUCT_NAME = "$(TARGET_NAME)";
				SWIFT_EMIT_LOC_STRINGS = YES;
				SWIFT_VERSION = 5.0;
				TARGETED_DEVICE_FAMILY = "1,2";
			};
			name = Debug;
		};
		6492AE2428EBE104003F84D4 /* Release */ = {
			isa = XCBuildConfiguration;
			baseConfigurationReference = 96971B77E2BF4387D8D71D9A /* Pods-Parstagram.release.xcconfig */;
			buildSettings = {
				ASSETCATALOG_COMPILER_APPICON_NAME = AppIcon;
				ASSETCATALOG_COMPILER_GLOBAL_ACCENT_COLOR_NAME = AccentColor;
				CODE_SIGN_STYLE = Automatic;
				CURRENT_PROJECT_VERSION = 1;
				DEVELOPMENT_TEAM = F2LX2ZLYTH;
				GENERATE_INFOPLIST_FILE = YES;
				INFOPLIST_FILE = Parstagram/Info.plist;
				INFOPLIST_KEY_UIApplicationSupportsIndirectInputEvents = YES;
				INFOPLIST_KEY_UILaunchStoryboardName = LaunchScreen;
				INFOPLIST_KEY_UIMainStoryboardFile = Main;
				INFOPLIST_KEY_UISupportedInterfaceOrientations_iPad = "UIInterfaceOrientationPortrait UIInterfaceOrientationPortraitUpsideDown UIInterfaceOrientationLandscapeLeft UIInterfaceOrientationLandscapeRight";
				INFOPLIST_KEY_UISupportedInterfaceOrientations_iPhone = "UIInterfaceOrientationPortrait UIInterfaceOrientationLandscapeLeft UIInterfaceOrientationLandscapeRight";
				LD_RUNPATH_SEARCH_PATHS = (
					"$(inherited)",
					"@executable_path/Frameworks",
				);
				MARKETING_VERSION = 1.0;
				PRODUCT_BUNDLE_IDENTIFIER = manuelcastro.club.Parstagram;
				PRODUCT_NAME = "$(TARGET_NAME)";
				SWIFT_EMIT_LOC_STRINGS = YES;
				SWIFT_VERSION = 5.0;
				TARGETED_DEVICE_FAMILY = "1,2";
			};
			name = Release;
		};
/* End XCBuildConfiguration section */

/* Begin XCConfigurationList section */
		6492AE0928EBE0FE003F84D4 /* Build configuration list for PBXProject "Parstagram" */ = {
			isa = XCConfigurationList;
			buildConfigurations = (
				6492AE2028EBE104003F84D4 /* Debug */,
				6492AE2128EBE104003F84D4 /* Release */,
			);
			defaultConfigurationIsVisible = 0;
			defaultConfigurationName = Release;
		};
		6492AE2228EBE104003F84D4 /* Build configuration list for PBXNativeTarget "Parstagram" */ = {
			isa = XCConfigurationList;
			buildConfigurations = (
				6492AE2328EBE104003F84D4 /* Debug */,
				6492AE2428EBE104003F84D4 /* Release */,
			);
			defaultConfigurationIsVisible = 0;
			defaultConfigurationName = Release;
		};
/* End XCConfigurationList section */

/* Begin XCRemoteSwiftPackageReference section */
		64FC06F428EC02AD00D627E2 /* XCRemoteSwiftPackageReference "AlamofireImage" */ = {
			isa = XCRemoteSwiftPackageReference;
			repositoryURL = "https://github.com/Alamofire/AlamofireImage";
			requirement = {
				branch = master;
				kind = branch;
			};
		};
/* End XCRemoteSwiftPackageReference section */

/* Begin XCSwiftPackageProductDependency section */
		64FC06F528EC02AD00D627E2 /* AlamofireImage */ = {
			isa = XCSwiftPackageProductDependency;
			package = 64FC06F428EC02AD00D627E2 /* XCRemoteSwiftPackageReference "AlamofireImage" */;
			productName = AlamofireImage;
		};
/* End XCSwiftPackageProductDependency section */
	};
	rootObject = 6492AE0628EBE0FE003F84D4 /* Project object */;
}
